
Microsoft Visual Studio Solution File, Format Version 12.00
# Visual Studio 15
VisualStudioVersion = 15.0.27703.2026
MinimumVisualStudioVersion = 10.0.40219.1
Project("{FAE04EC0-301F-11D3-BF4B-00C04F79EFBC}") = "NetCoreApp", "NetCoreApp\NetCoreApp.csproj", "{8804E197-BB5C-4C3E-AD9E-F3E04CAB7320}"
EndProject
Global
	GlobalSection(SolutionConfigurationPlatforms) = preSolution
		Debug|Any CPU = Debug|Any CPU
		Release|Any CPU = Release|Any CPU
	EndGlobalSection
	GlobalSection(ProjectConfigurationPlatforms) = postSolution
		{8804E197-BB5C-4C3E-AD9E-F3E04CAB7320}.Debug|Any CPU.ActiveCfg = Debug|Any CPU
		{8804E197-BB5C-4C3E-AD9E-F3E04CAB7320}.Debug|Any CPU.Build.0 = Debug|Any CPU
		{8804E197-BB5C-4C3E-AD9E-F3E04CAB7320}.Release|Any CPU.ActiveCfg = Release|Any CPU
		{8804E197-BB5C-4C3E-AD9E-F3E04CAB7320}.Release|Any CPU.Build.0 = Release|Any CPU
	EndGlobalSection
	GlobalSection(SolutionProperties) = preSolution
		HideSolutionNode = FALSE
	EndGlobalSection
	GlobalSection(ExtensibilityGlobals) = postSolution
		SolutionGuid = {DAE54080-BEF1-433D-A705-95D357BF75B6}
	EndGlobalSection
EndGlobal
